// !$*UTF8*$!
{
	archiveVersion = 1;
	classes = {
	};
	objectVersion = 46;
	objects = {

/* Begin PBXBuildFile section */
		3E250C5E1ED3BD97002320CE /* MotionAndTemporalCtrlViewController.swift in Sources */ = {isa = PBXBuildFile; fileRef = 3E250C5D1ED3BD97002320CE /* MotionAndTemporalCtrlViewController.swift */; };
		3E3307221ED5282E0092CF7D /* ScaleAndFilterCtrlViewController.swift in Sources */ = {isa = PBXBuildFile; fileRef = 3E3307211ED5282E0092CF7D /* ScaleAndFilterCtrlViewController.swift */; };
		3E3307241ED535780092CF7D /* EmitterLayerViewController.swift in Sources */ = {isa = PBXBuildFile; fileRef = 3E3307231ED535780092CF7D /* EmitterLayerViewController.swift */; };
		3E3307271ED566070092CF7D /* SimplePickerAdapter.swift in Sources */ = {isa = PBXBuildFile; fileRef = 3E3307261ED566070092CF7D /* SimplePickerAdapter.swift */; };
		3E3307291ED5661F0092CF7D /* ActionSheetPresentationController.swift in Sources */ = {isa = PBXBuildFile; fileRef = 3E3307281ED5661F0092CF7D /* ActionSheetPresentationController.swift */; };
		3E33072B1ED566C50092CF7D /* BasePickerViewController.swift in Sources */ = {isa = PBXBuildFile; fileRef = 3E33072A1ED566C50092CF7D /* BasePickerViewController.swift */; };
		3E33072D1ED568420092CF7D /* SimplePickerViewController.swift in Sources */ = {isa = PBXBuildFile; fileRef = 3E33072C1ED568420092CF7D /* SimplePickerViewController.swift */; };
		3E33072F1ED679DB0092CF7D /* BehaviorCtrlViewController.swift in Sources */ = {isa = PBXBuildFile; fileRef = 3E33072E1ED679DB0092CF7D /* BehaviorCtrlViewController.swift */; };
		3E3307311ED688880092CF7D /* EmitterBehaviorTableViewCell.swift in Sources */ = {isa = PBXBuildFile; fileRef = 3E3307301ED688880092CF7D /* EmitterBehaviorTableViewCell.swift */; };
		3E8E40221EDAFCFD0028FB3C /* ContentCtrlViewController.swift in Sources */ = {isa = PBXBuildFile; fileRef = 3E8E40211EDAFCFD0028FB3C /* ContentCtrlViewController.swift */; };
		3EA898671EB99D60005C9120 /* AppDelegate.swift in Sources */ = {isa = PBXBuildFile; fileRef = 3EA898661EB99D60005C9120 /* AppDelegate.swift */; };
		3EA898691EB99D60005C9120 /* MainViewController.swift in Sources */ = {isa = PBXBuildFile; fileRef = 3EA898681EB99D60005C9120 /* MainViewController.swift */; };
		3EA8986C1EB99D60005C9120 /* Main.storyboard in Resources */ = {isa = PBXBuildFile; fileRef = 3EA8986A1EB99D60005C9120 /* Main.storyboard */; };
		3EA8986E1EB99D60005C9120 /* Assets.xcassets in Resources */ = {isa = PBXBuildFile; fileRef = 3EA8986D1EB99D60005C9120 /* Assets.xcassets */; };
		3EA898711EB99D60005C9120 /* LaunchScreen.storyboard in Resources */ = {isa = PBXBuildFile; fileRef = 3EA8986F1EB99D60005C9120 /* LaunchScreen.storyboard */; };
		3EA8987C1EBA0980005C9120 /* Storyboard+Resource.swift in Sources */ = {isa = PBXBuildFile; fileRef = 3EA8987B1EBA0980005C9120 /* Storyboard+Resource.swift */; };
		3EA8987F1EBA1568005C9120 /* BaseCtrlViewController.swift in Sources */ = {isa = PBXBuildFile; fileRef = 3EA8987E1EBA1568005C9120 /* BaseCtrlViewController.swift */; };
		3ED12B441EBCB6B000BABB8A /* ColorCtrlViewController.swift in Sources */ = {isa = PBXBuildFile; fileRef = 3ED12B431EBCB6B000BABB8A /* ColorCtrlViewController.swift */; };
/* End PBXBuildFile section */

/* Begin PBXFileReference section */
		3E250C5D1ED3BD97002320CE /* MotionAndTemporalCtrlViewController.swift */ = {isa = PBXFileReference; fileEncoding = 4; lastKnownFileType = sourcecode.swift; path = MotionAndTemporalCtrlViewController.swift; sourceTree = "<group>"; };
		3E3307211ED5282E0092CF7D /* ScaleAndFilterCtrlViewController.swift */ = {isa = PBXFileReference; fileEncoding = 4; lastKnownFileType = sourcecode.swift; path = ScaleAndFilterCtrlViewController.swift; sourceTree = "<group>"; };
		3E3307231ED535780092CF7D /* EmitterLayerViewController.swift */ = {isa = PBXFileReference; fileEncoding = 4; lastKnownFileType = sourcecode.swift; path = EmitterLayerViewController.swift; sourceTree = "<group>"; };
		3E3307261ED566070092CF7D /* SimplePickerAdapter.swift */ = {isa = PBXFileReference; fileEncoding = 4; lastKnownFileType = sourcecode.swift; path = SimplePickerAdapter.swift; sourceTree = "<group>"; };
		3E3307281ED5661F0092CF7D /* ActionSheetPresentationController.swift */ = {isa = PBXFileReference; fileEncoding = 4; lastKnownFileType = sourcecode.swift; path = ActionSheetPresentationController.swift; sourceTree = "<group>"; };
		3E33072A1ED566C50092CF7D /* BasePickerViewController.swift */ = {isa = PBXFileReference; fileEncoding = 4; lastKnownFileType = sourcecode.swift; path = BasePickerViewController.swift; sourceTree = "<group>"; };
		3E33072C1ED568420092CF7D /* SimplePickerViewController.swift */ = {isa = PBXFileReference; fileEncoding = 4; lastKnownFileType = sourcecode.swift; path = SimplePickerViewController.swift; sourceTree = "<group>"; };
		3E33072E1ED679DB0092CF7D /* BehaviorCtrlViewController.swift */ = {isa = PBXFileReference; fileEncoding = 4; lastKnownFileType = sourcecode.swift; path = BehaviorCtrlViewController.swift; sourceTree = "<group>"; };
		3E3307301ED688880092CF7D /* EmitterBehaviorTableViewCell.swift */ = {isa = PBXFileReference; fileEncoding = 4; lastKnownFileType = sourcecode.swift; path = EmitterBehaviorTableViewCell.swift; sourceTree = "<group>"; };
		3E8E40211EDAFCFD0028FB3C /* ContentCtrlViewController.swift */ = {isa = PBXFileReference; fileEncoding = 4; lastKnownFileType = sourcecode.swift; path = ContentCtrlViewController.swift; sourceTree = "<group>"; };
		3EA898631EB99D60005C9120 /* CAEmitterLayerDemo.app */ = {isa = PBXFileReference; explicitFileType = wrapper.application; includeInIndex = 0; path = CAEmitterLayerDemo.app; sourceTree = BUILT_PRODUCTS_DIR; };
		3EA898661EB99D60005C9120 /* AppDelegate.swift */ = {isa = PBXFileReference; lastKnownFileType = sourcecode.swift; path = AppDelegate.swift; sourceTree = "<group>"; };
		3EA898681EB99D60005C9120 /* MainViewController.swift */ = {isa = PBXFileReference; lastKnownFileType = sourcecode.swift; path = MainViewController.swift; sourceTree = "<group>"; };
		3EA8986B1EB99D60005C9120 /* Base */ = {isa = PBXFileReference; lastKnownFileType = file.storyboard; name = Base; path = Base.lproj/Main.storyboard; sourceTree = "<group>"; };
		3EA8986D1EB99D60005C9120 /* Assets.xcassets */ = {isa = PBXFileReference; lastKnownFileType = folder.assetcatalog; path = Assets.xcassets; sourceTree = "<group>"; };
		3EA898701EB99D60005C9120 /* Base */ = {isa = PBXFileReference; lastKnownFileType = file.storyboard; name = Base; path = Base.lproj/LaunchScreen.storyboard; sourceTree = "<group>"; };
		3EA898721EB99D60005C9120 /* Info.plist */ = {isa = PBXFileReference; lastKnownFileType = text.plist.xml; path = Info.plist; sourceTree = "<group>"; };
		3EA8987B1EBA0980005C9120 /* Storyboard+Resource.swift */ = {isa = PBXFileReference; fileEncoding = 4; lastKnownFileType = sourcecode.swift; path = "Storyboard+Resource.swift"; sourceTree = "<group>"; };
		3EA8987E1EBA1568005C9120 /* BaseCtrlViewController.swift */ = {isa = PBXFileReference; fileEncoding = 4; lastKnownFileType = sourcecode.swift; path = BaseCtrlViewController.swift; sourceTree = "<group>"; };
		3ED12B431EBCB6B000BABB8A /* ColorCtrlViewController.swift */ = {isa = PBXFileReference; fileEncoding = 4; lastKnownFileType = sourcecode.swift; path = ColorCtrlViewController.swift; sourceTree = "<group>"; };
/* End PBXFileReference section */

/* Begin PBXFrameworksBuildPhase section */
		3EA898601EB99D60005C9120 /* Frameworks */ = {
			isa = PBXFrameworksBuildPhase;
			buildActionMask = 2147483647;
			files = (
			);
			runOnlyForDeploymentPostprocessing = 0;
		};
/* End PBXFrameworksBuildPhase section */

/* Begin PBXGroup section */
		3E3307251ED565FC0092CF7D /* Vendor */ = {
			isa = PBXGroup;
			children = (
				3E3307281ED5661F0092CF7D /* ActionSheetPresentationController.swift */,
				3E3307261ED566070092CF7D /* SimplePickerAdapter.swift */,
				3E33072A1ED566C50092CF7D /* BasePickerViewController.swift */,
				3E33072C1ED568420092CF7D /* SimplePickerViewController.swift */,
			);
			name = Vendor;
			sourceTree = "<group>";
		};
		3EA8985A1EB99D60005C9120 = {
			isa = PBXGroup;
			children = (
				3EA898651EB99D60005C9120 /* CAEmitterLayerDemo */,
				3EA898641EB99D60005C9120 /* Products */,
			);
			sourceTree = "<group>";
		};
		3EA898641EB99D60005C9120 /* Products */ = {
			isa = PBXGroup;
			children = (
				3EA898631EB99D60005C9120 /* CAEmitterLayerDemo.app */,
			);
			name = Products;
			sourceTree = "<group>";
		};
		3EA898651EB99D60005C9120 /* CAEmitterLayerDemo */ = {
			isa = PBXGroup;
			children = (
				3E3307251ED565FC0092CF7D /* Vendor */,
				3E3307211ED5282E0092CF7D /* ScaleAndFilterCtrlViewController.swift */,
				3E250C5D1ED3BD97002320CE /* MotionAndTemporalCtrlViewController.swift */,
				3ED12B431EBCB6B000BABB8A /* ColorCtrlViewController.swift */,
				3EA8987B1EBA0980005C9120 /* Storyboard+Resource.swift */,
				3EA898661EB99D60005C9120 /* AppDelegate.swift */,
				3EA898681EB99D60005C9120 /* MainViewController.swift */,
				3EA8986A1EB99D60005C9120 /* Main.storyboard */,
				3EA8986D1EB99D60005C9120 /* Assets.xcassets */,
				3EA8986F1EB99D60005C9120 /* LaunchScreen.storyboard */,
				3EA898721EB99D60005C9120 /* Info.plist */,
				3EA8987E1EBA1568005C9120 /* BaseCtrlViewController.swift */,
				3E3307231ED535780092CF7D /* EmitterLayerViewController.swift */,
				3E33072E1ED679DB0092CF7D /* BehaviorCtrlViewController.swift */,
				3E3307301ED688880092CF7D /* EmitterBehaviorTableViewCell.swift */,
				3E8E40211EDAFCFD0028FB3C /* ContentCtrlViewController.swift */,
			);
			path = CAEmitterLayerDemo;
			sourceTree = "<group>";
		};
/* End PBXGroup section */

/* Begin PBXNativeTarget section */
		3EA898621EB99D60005C9120 /* CAEmitterLayerDemo */ = {
			isa = PBXNativeTarget;
			buildConfigurationList = 3EA898751EB99D60005C9120 /* Build configuration list for PBXNativeTarget "CAEmitterLayerDemo" */;
			buildPhases = (
				3EA8987D1EBA0998005C9120 /* Swift Gen */,
				3EA8985F1EB99D60005C9120 /* Sources */,
				3EA898601EB99D60005C9120 /* Frameworks */,
				3EA898611EB99D60005C9120 /* Resources */,
			);
			buildRules = (
			);
			dependencies = (
			);
			name = CAEmitterLayerDemo;
			productName = CAEmitterLayerDemo;
			productReference = 3EA898631EB99D60005C9120 /* CAEmitterLayerDemo.app */;
			productType = "com.apple.product-type.application";
		};
/* End PBXNativeTarget section */

/* Begin PBXProject section */
		3EA8985B1EB99D60005C9120 /* Project object */ = {
			isa = PBXProject;
			attributes = {
				LastSwiftUpdateCheck = 0830;
				LastUpgradeCheck = 0830;
				ORGANIZATIONNAME = BetaGo;
				TargetAttributes = {
					3EA898621EB99D60005C9120 = {
						CreatedOnToolsVersion = 8.3.2;
						DevelopmentTeam = QQFZ2M2M7Y;
						ProvisioningStyle = Automatic;
					};
				};
			};
			buildConfigurationList = 3EA8985E1EB99D60005C9120 /* Build configuration list for PBXProject "CAEmitterLayerDemo" */;
			compatibilityVersion = "Xcode 3.2";
			developmentRegion = English;
			hasScannedForEncodings = 0;
			knownRegions = (
				en,
				Base,
			);
			mainGroup = 3EA8985A1EB99D60005C9120;
			productRefGroup = 3EA898641EB99D60005C9120 /* Products */;
			projectDirPath = "";
			projectRoot = "";
			targets = (
				3EA898621EB99D60005C9120 /* CAEmitterLayerDemo */,
			);
		};
/* End PBXProject section */

/* Begin PBXResourcesBuildPhase section */
		3EA898611EB99D60005C9120 /* Resources */ = {
			isa = PBXResourcesBuildPhase;
			buildActionMask = 2147483647;
			files = (
				3EA898711EB99D60005C9120 /* LaunchScreen.storyboard in Resources */,
				3EA8986E1EB99D60005C9120 /* Assets.xcassets in Resources */,
				3EA8986C1EB99D60005C9120 /* Main.storyboard in Resources */,
			);
			runOnlyForDeploymentPostprocessing = 0;
		};
/* End PBXResourcesBuildPhase section */

/* Begin PBXShellScriptBuildPhase section */
		3EA8987D1EBA0998005C9120 /* Swift Gen */ = {
			isa = PBXShellScriptBuildPhase;
			buildActionMask = 2147483647;
			files = (
			);
			inputPaths = (
			);
			name = "Swift Gen";
			outputPaths = (
			);
			runOnlyForDeploymentPostprocessing = 0;
			shellPath = /bin/sh;
			shellScript = ./codegen.sh;
		};
/* End PBXShellScriptBuildPhase section */

/* Begin PBXSourcesBuildPhase section */
		3EA8985F1EB99D60005C9120 /* Sources */ = {
			isa = PBXSourcesBuildPhase;
			buildActionMask = 2147483647;
			files = (
				3E3307271ED566070092CF7D /* SimplePickerAdapter.swift in Sources */,
				3EA898691EB99D60005C9120 /* MainViewController.swift in Sources */,
				3E3307221ED5282E0092CF7D /* ScaleAndFilterCtrlViewController.swift in Sources */,
				3E33072B1ED566C50092CF7D /* BasePickerViewController.swift in Sources */,
				3E33072D1ED568420092CF7D /* SimplePickerViewController.swift in Sources */,
				3E3307241ED535780092CF7D /* EmitterLayerViewController.swift in Sources */,
				3E8E40221EDAFCFD0028FB3C /* ContentCtrlViewController.swift in Sources */,
				3E3307311ED688880092CF7D /* EmitterBehaviorTableViewCell.swift in Sources */,
				3EA8987C1EBA0980005C9120 /* Storyboard+Resource.swift in Sources */,
				3EA898671EB99D60005C9120 /* AppDelegate.swift in Sources */,
				3E250C5E1ED3BD97002320CE /* MotionAndTemporalCtrlViewController.swift in Sources */,
				3EA8987F1EBA1568005C9120 /* BaseCtrlViewController.swift in Sources */,
				3ED12B441EBCB6B000BABB8A /* ColorCtrlViewController.swift in Sources */,
				3E33072F1ED679DB0092CF7D /* BehaviorCtrlViewController.swift in Sources */,
				3E3307291ED5661F0092CF7D /* ActionSheetPresentationController.swift in Sources */,
			);
			runOnlyForDeploymentPostprocessing = 0;
		};
/* End PBXSourcesBuildPhase section */

/* Begin PBXVariantGroup section */
		3EA8986A1EB99D60005C9120 /* Main.storyboard */ = {
			isa = PBXVariantGroup;
			children = (
				3EA8986B1EB99D60005C9120 /* Base */,
			);
			name = Main.storyboard;
			sourceTree = "<group>";
		};
		3EA8986F1EB99D60005C9120 /* LaunchScreen.storyboard */ = {
			isa = PBXVariantGroup;
			children = (
				3EA898701EB99D60005C9120 /* Base */,
			);
			name = LaunchScreen.storyboard;
			sourceTree = "<group>";
		};
/* End PBXVariantGroup section */

/* Begin XCBuildConfiguration section */
		3EA898731EB99D60005C9120 /* Debug */ = {
			isa = XCBuildConfiguration;
			buildSettings = {
				ALWAYS_SEARCH_USER_PATHS = NO;
				CLANG_ANALYZER_NONNULL = YES;
				CLANG_ANALYZER_NUMBER_OBJECT_CONVERSION = YES_AGGRESSIVE;
				CLANG_CXX_LANGUAGE_STANDARD = "gnu++0x";
				CLANG_CXX_LIBRARY = "libc++";
				CLANG_ENABLE_MODULES = YES;
				CLANG_ENABLE_OBJC_ARC = YES;
				CLANG_WARN_BOOL_CONVERSION = YES;
				CLANG_WARN_CONSTANT_CONVERSION = YES;
				CLANG_WARN_DIRECT_OBJC_ISA_USAGE = YES_ERROR;
				CLANG_WARN_DOCUMENTATION_COMMENTS = YES;
				CLANG_WARN_EMPTY_BODY = YES;
				CLANG_WARN_ENUM_CONVERSION = YES;
				CLANG_WARN_INFINITE_RECURSION = YES;
				CLANG_WARN_INT_CONVERSION = YES;
				CLANG_WARN_OBJC_ROOT_CLASS = YES_ERROR;
				CLANG_WARN_SUSPICIOUS_MOVE = YES;
				CLANG_WARN_UNREACHABLE_CODE = YES;
				CLANG_WARN__DUPLICATE_METHOD_MATCH = YES;
				"CODE_SIGN_IDENTITY[sdk=iphoneos*]" = "iPhone Developer";
				COPY_PHASE_STRIP = NO;
				DEBUG_INFORMATION_FORMAT = dwarf;
				ENABLE_STRICT_OBJC_MSGSEND = YES;
				ENABLE_TESTABILITY = YES;
				GCC_C_LANGUAGE_STANDARD = gnu99;
				GCC_DYNAMIC_NO_PIC = NO;
				GCC_NO_COMMON_BLOCKS = YES;
				GCC_OPTIMIZATION_LEVEL = 0;
				GCC_PREPROCESSOR_DEFINITIONS = (
					"DEBUG=1",
					"$(inherited)",
				);
				GCC_WARN_64_TO_32_BIT_CONVERSION = YES;
				GCC_WARN_ABOUT_RETURN_TYPE = YES_ERROR;
				GCC_WARN_UNDECLARED_SELECTOR = YES;
				GCC_WARN_UNINITIALIZED_AUTOS = YES_AGGRESSIVE;
				GCC_WARN_UNUSED_FUNCTION = YES;
				GCC_WARN_UNUSED_VARIABLE = YES;
				IPHONEOS_DEPLOYMENT_TARGET = 10.3;
				MTL_ENABLE_DEBUG_INFO = YES;
				ONLY_ACTIVE_ARCH = YES;
				SDKROOT = iphoneos;
				SWIFT_ACTIVE_COMPILATION_CONDITIONS = DEBUG;
				SWIFT_OPTIMIZATION_LEVEL = "-Onone";
				TARGETED_DEVICE_FAMILY = "1,2";
			};
			name = Debug;
		};
		3EA898741EB99D60005C9120 /* Release */ = {
			isa = XCBuildConfiguration;
			buildSettings = {
				ALWAYS_SEARCH_USER_PATHS = NO;
				CLANG_ANALYZER_NONNULL = YES;
				CLANG_ANALYZER_NUMBER_OBJECT_CONVERSION = YES_AGGRESSIVE;
				CLANG_CXX_LANGUAGE_STANDARD = "gnu++0x";
				CLANG_CXX_LIBRARY = "libc++";
				CLANG_ENABLE_MODULES = YES;
				CLANG_ENABLE_OBJC_ARC = YES;
				CLANG_WARN_BOOL_CONVERSION = YES;
				CLANG_WARN_CONSTANT_CONVERSION = YES;
				CLANG_WARN_DIRECT_OBJC_ISA_USAGE = YES_ERROR;
				CLANG_WARN_DOCUMENTATION_COMMENTS = YES;
				CLANG_WARN_EMPTY_BODY = YES;
				CLANG_WARN_ENUM_CONVERSION = YES;
				CLANG_WARN_INFINITE_RECURSION = YES;
				CLANG_WARN_INT_CONVERSION = YES;
				CLANG_WARN_OBJC_ROOT_CLASS = YES_ERROR;
				CLANG_WARN_SUSPICIOUS_MOVE = YES;
				CLANG_WARN_UNREACHABLE_CODE = YES;
				CLANG_WARN__DUPLICATE_METHOD_MATCH = YES;
				"CODE_SIGN_IDENTITY[sdk=iphoneos*]" = "iPhone Developer";
				COPY_PHASE_STRIP = NO;
				DEBUG_INFORMATION_FORMAT = "dwarf-with-dsym";
				ENABLE_NS_ASSERTIONS = NO;
				ENABLE_STRICT_OBJC_MSGSEND = YES;
				GCC_C_LANGUAGE_STANDARD = gnu99;
				GCC_NO_COMMON_BLOCKS = YES;
				GCC_WARN_64_TO_32_BIT_CONVERSION = YES;
				GCC_WARN_ABOUT_RETURN_TYPE = YES_ERROR;
				GCC_WARN_UNDECLARED_SELECTOR = YES;
				GCC_WARN_UNINITIALIZED_AUTOS = YES_AGGRESSIVE;
				GCC_WARN_UNUSED_FUNCTION = YES;
				GCC_WARN_UNUSED_VARIABLE = YES;
				IPHONEOS_DEPLOYMENT_TARGET = 10.3;
				MTL_ENABLE_DEBUG_INFO = NO;
				SDKROOT = iphoneos;
				SWIFT_OPTIMIZATION_LEVEL = "-Owholemodule";
				TARGETED_DEVICE_FAMILY = "1,2";
				VALIDATE_PRODUCT = YES;
			};
			name = Release;
		};
		3EA898761EB99D60005C9120 /* Debug */ = {
			isa = XCBuildConfiguration;
			buildSettings = {
				ASSETCATALOG_COMPILER_APPICON_NAME = AppIcon;
				DEVELOPMENT_TEAM = QQFZ2M2M7Y;
				INFOPLIST_FILE = CAEmitterLayerDemo/Info.plist;
				IPHONEOS_DEPLOYMENT_TARGET = 10.0;
				LD_RUNPATH_SEARCH_PATHS = "$(inherited) @executable_path/Frameworks";
				PRODUCT_BUNDLE_IDENTIFIER = com.betago.CAEmitterLayerDemo;
				PRODUCT_NAME = "$(TARGET_NAME)";
				SWIFT_VERSION = 3.0;
			};
			name = Debug;
		};
		3EA898771EB99D60005C9120 /* Release */ = {
			isa = XCBuildConfiguration;
			buildSettings = {
				ASSETCATALOG_COMPILER_APPICON_NAME = AppIcon;
				DEVELOPMENT_TEAM = QQFZ2M2M7Y;
				INFOPLIST_FILE = CAEmitterLayerDemo/Info.plist;
				IPHONEOS_DEPLOYMENT_TARGET = 10.0;
				LD_RUNPATH_SEARCH_PATHS = "$(inherited) @executable_path/Frameworks";
				PRODUCT_BUNDLE_IDENTIFIER = com.betago.CAEmitterLayerDemo;
				PRODUCT_NAME = "$(TARGET_NAME)";
				SWIFT_VERSION = 3.0;
			};
			name = Release;
		};
/* End XCBuildConfiguration section */

/* Begin XCConfigurationList section */
		3EA8985E1EB99D60005C9120 /* Build configuration list for PBXProject "CAEmitterLayerDemo" */ = {
			isa = XCConfigurationList;
			buildConfigurations = (
				3EA898731EB99D60005C9120 /* Debug */,
				3EA898741EB99D60005C9120 /* Release */,
			);
			defaultConfigurationIsVisible = 0;
			defaultConfigurationName = Release;
		};
		3EA898751EB99D60005C9120 /* Build configuration list for PBXNativeTarget "CAEmitterLayerDemo" */ = {
			isa = XCConfigurationList;
			buildConfigurations = (
				3EA898761EB99D60005C9120 /* Debug */,
				3EA898771EB99D60005C9120 /* Release */,
			);
			defaultConfigurationIsVisible = 0;
			defaultConfigurationName = Release;
		};
/* End XCConfigurationList section */
	};
	rootObject = 3EA8985B1EB99D60005C9120 /* Project object */;
}
